# This file was autogenerated by Stack.
# You should not edit this file by hand.
# For more information, please see the documentation at:
#   https://docs.haskellstack.org/en/stable/lock_files

packages:
- completed:
    hackage: conversion-1.2.1@sha256:8db4210950736e54be5cd7f7076c19e05d06fb48673eb23638093246a1e7199e,2155
    pantry-tree:
      size: 267
      sha256: f199f459ee8ab2ce5f41cb8199ca60a7ad4f7897a5c474e10126dff6035ca4e9
  original:
    hackage: conversion-1.2.1@sha256:8db4210950736e54be5cd7f7076c19e05d06fb48673eb23638093246a1e7199e,2155
- completed:
    hackage: random-fu-0.2.7.7@sha256:55c62bc8e7a2970d4706f50b391559594ef1a8b5e71c0fbd2c9e30d5adafb9ab,4612
    pantry-tree:
      size: 2455
      sha256: 176dbae2762bd8be0de0e2ce2b0f30904d2578b6278e2f14652881f80641cf9b
  original:
    hackage: random-fu-0.2.7.7@sha256:55c62bc8e7a2970d4706f50b391559594ef1a8b5e71c0fbd2c9e30d5adafb9ab,4612
- completed:
    hackage: random-source-0.3.0.11@sha256:f78e361474d648fb0e0112d895c3a4bca80b1e565b778d763d59614270e8779c,3132
    pantry-tree:
      size: 966
      sha256: b33f2ee09702afd16ef3405120527ba8f3e495c20495bf5767a6da7075b04346
  original:
    hackage: random-source-0.3.0.11@sha256:f78e361474d648fb0e0112d895c3a4bca80b1e565b778d763d59614270e8779c,3132
- completed:
    hackage: rvar-0.2.0.6@sha256:d07cbb734ec307539fb58d4344b2284a1a91f41c9308f437c27ae8bada2111bf,2317
    pantry-tree:
      size: 158
      sha256: 48f154bad9ac1cf15c8df874bb903ece2e0d1fe1703e144f31fa32bd776581c0
  original:
    hackage: rvar-0.2.0.6@sha256:d07cbb734ec307539fb58d4344b2284a1a91f41c9308f437c27ae8bada2111bf,2317
- completed:
    hackage: flexible-defaults-0.0.3@sha256:6a7ab000561e1075003cb1053dfbbb4020ae2b02916776d1479c9c3fc82f5d0d,2508
    pantry-tree:
      size: 497
      sha256: 53d8b98b9e899d63f7e464670e908f6eb22d8a5ba0b6ea48182fb810b426f0f8
  original:
    hackage: flexible-defaults-0.0.3@sha256:6a7ab000561e1075003cb1053dfbbb4020ae2b02916776d1479c9c3fc82f5d0d,2508
- completed:
    hackage: random-fu-multivariate-0.1.2.1@sha256:b8b3adcdb01269480b3d28dae1e9c9a040834b9974c434d6996d3e1545c4d4f7,1439
    pantry-tree:
      size: 454
      sha256: 97d9830f95b03059811d009dd5d50a0b235d057e95b71654ac730e85b99b8343
  original:
    hackage: random-fu-multivariate-0.1.2.1@sha256:b8b3adcdb01269480b3d28dae1e9c9a040834b9974c434d6996d3e1545c4d4f7,1439
- completed:
    hackage: hquantlib-time-0.0.4.1@sha256:2e3b760866e59379e0fd3769f7ad237cdd1b9f912ef54334951aaac43e50a19a,1439
    pantry-tree:
      size: 356
      sha256: 1ef105234d3ed1e4a7a850291c0c7ca5f21c39e7d1bf6b9e5874b9bea4694d74
  original:
    hackage: hquantlib-time-0.0.4.1@sha256:2e3b760866e59379e0fd3769f7ad237cdd1b9f912ef54334951aaac43e50a19a,1439
- completed:
    hackage: hquantlib-0.0.5.0@sha256:05a55acb522d2ce7775cd0a1b2e1b87b501f442bcc1829048a03d3ddc35cc549,4791
    pantry-tree:
      size: 2327
      sha256: 100d9aca5e5c6aa2ea7e49dac31a322bda3fd284bbe213628871aad92947060a
  original:
    hackage: hquantlib-0.0.5.0@sha256:05a55acb522d2ce7775cd0a1b2e1b87b501f442bcc1829048a03d3ddc35cc549,4791
- completed:
    hackage: hmatrix-special-0.19.0.0@sha256:09cc1020ea21d28570cff9e98164773cddb7d757aaf20aff5b59458204bd83c4,2817
    pantry-tree:
      size: 2654
      sha256: dab6423c7ec25921bf902878be07ce5b00e743619b7e146dbfe4a849a29a4c8c
  original:
    hackage: hmatrix-special-0.19.0.0@sha256:09cc1020ea21d28570cff9e98164773cddb7d757aaf20aff5b59458204bd83c4,2817
snapshots:
- completed:
    size: 533252
    url: https://raw.githubusercontent.com/commercialhaskell/stackage-snapshots/master/lts/16/26.yaml
    sha256: cdbc5db9c1afe80a5998247939027a0c7db92fa0f20b5cd01596ec3da628b622
  original: lts-16.26
